
Microsoft Visual Studio Solution File, Format Version 12.00
# Visual Studio Version 17
VisualStudioVersion = 17.14.36511.14
MinimumVisualStudioVersion = 10.0.40219.1
Project("{FAE04EC0-301F-11D3-BF4B-00C04F79EFBC}") = "Proyecto", "Proyecto\Proyecto.csproj", "{C4315F5D-9FFF-4B5C-9F45-36B648577851}"
EndProject
Project("{FAE04EC0-301F-11D3-BF4B-00C04F79EFBC}") = "TestProyecto", "TestProyecto\TestProyecto.csproj", "{28EC11AA-E697-4006-953A-6A367E2B6846}"
EndProject
Global
	GlobalSection(SolutionConfigurationPlatforms) = preSolution
		Debug|Any CPU = Debug|Any CPU
		Release|Any CPU = Release|Any CPU
	EndGlobalSection
	GlobalSection(ProjectConfigurationPlatforms) = postSolution
		{C4315F5D-9FFF-4B5C-9F45-36B648577851}.Debug|Any CPU.ActiveCfg = Debug|Any CPU
		{C4315F5D-9FFF-4B5C-9F45-36B648577851}.Debug|Any CPU.Build.0 = Debug|Any CPU
		{C4315F5D-9FFF-4B5C-9F45-36B648577851}.Release|Any CPU.ActiveCfg = Release|Any CPU
		{C4315F5D-9FFF-4B5C-9F45-36B648577851}.Release|Any CPU.Build.0 = Release|Any CPU
		{28EC11AA-E697-4006-953A-6A367E2B6846}.Debug|Any CPU.ActiveCfg = Debug|Any CPU
		{28EC11AA-E697-4006-953A-6A367E2B6846}.Debug|Any CPU.Build.0 = Debug|Any CPU
		{28EC11AA-E697-4006-953A-6A367E2B6846}.Release|Any CPU.ActiveCfg = Release|Any CPU
		{28EC11AA-E697-4006-953A-6A367E2B6846}.Release|Any CPU.Build.0 = Release|Any CPU
	EndGlobalSection
	GlobalSection(SolutionProperties) = preSolution
		HideSolutionNode = FALSE
	EndGlobalSection
	GlobalSection(ExtensibilityGlobals) = postSolution
		SolutionGuid = {97214F74-DE5A-426B-8242-21125F4AEE91}
	EndGlobalSection
EndGlobal
